PODS:
  - IJReachability (0.1.0)
  - MaterialKit (0.3.5)
  - SwiftyJSON (2.2.0)

DEPENDENCIES:
  - IJReachability (from `https://github.com/Isuru-Nanayakkara/IJReachability.git`)
  - MaterialKit (~> 0.3.5)
  - SwiftyJSON (~> 2.2.0)

EXTERNAL SOURCES:
  IJReachability:
    :git: https://github.com/Isuru-Nanayakkara/IJReachability.git

CHECKOUT OPTIONS:
  IJReachability:
    :commit: da69c8f4bed9f82203bb49180fb36091b4cd0d28
    :git: https://github.com/Isuru-Nanayakkara/IJReachability.git

SPEC CHECKSUMS:
  IJReachability: 3eff33caca50869df09b257bcf712031a56a8575
  MaterialKit: 6f1e9382f89593df768bc0c31ded9952a6d8ad46
  SwiftyJSON: 0b3e6c07af17ff745e77e8e9984097b55c956e5c

COCOAPODS: 0.36.0
